
Microsoft Visual Studio Solution File, Format Version 12.00
# Visual Studio Version 16
VisualStudioVersion = 16.0.31105.61
MinimumVisualStudioVersion = 10.0.40219.1
Project("{FAE04EC0-301F-11D3-BF4B-00C04F79EFBC}") = "Wyklad1", "Wyklad1\Wyklad1.csproj", "{6F8EBA06-D9FD-4A06-A5D9-B2700899C5F1}"
EndProject
Global
	GlobalSection(SolutionConfigurationPlatforms) = preSolution
		Debug|Any CPU = Debug|Any CPU
		Release|Any CPU = Release|Any CPU
	EndGlobalSection
	GlobalSection(ProjectConfigurationPlatforms) = postSolution
		{6F8EBA06-D9FD-4A06-A5D9-B2700899C5F1}.Debug|Any CPU.ActiveCfg = Debug|Any CPU
		{6F8EBA06-D9FD-4A06-A5D9-B2700899C5F1}.Debug|Any CPU.Build.0 = Debug|Any CPU
		{6F8EBA06-D9FD-4A06-A5D9-B2700899C5F1}.Release|Any CPU.ActiveCfg = Release|Any CPU
		{6F8EBA06-D9FD-4A06-A5D9-B2700899C5F1}.Release|Any CPU.Build.0 = Release|Any CPU
	EndGlobalSection
	GlobalSection(SolutionProperties) = preSolution
		HideSolutionNode = FALSE
	EndGlobalSection
	GlobalSection(ExtensibilityGlobals) = postSolution
		SolutionGuid = {B357979C-FEA3-49AA-AD32-98A06BEDD892}
	EndGlobalSection
EndGlobal
